Microsoft Visual Studio Solution File, Format Version 12.00
# Visual Studio Version 17
VisualStudioVersion = 17.5.2.0
MinimumVisualStudioVersion = 10.0.40219.1
Project("{2150E333-8FDC-42A3-9474-1A3956D46DE8}") = "PC", "PC", "{71B0DE26-5444-73C7-255E-7893AADF2994}"
EndProject
Project("{FAE04EC0-301F-11D3-BF4B-00C04F79EFBC}") = "Mixr", "PC\Mixr.csproj", "{52638E6C-568E-DC5F-16B5-3A872197070F}"
EndProject
Global
	GlobalSection(SolutionConfigurationPlatforms) = preSolution
		Debug|Any CPU = Debug|Any CPU
		Release|Any CPU = Release|Any CPU
	EndGlobalSection
	GlobalSection(ProjectConfigurationPlatforms) = postSolution
		{52638E6C-568E-DC5F-16B5-3A872197070F}.Debug|Any CPU.ActiveCfg = Debug|Any CPU
		{52638E6C-568E-DC5F-16B5-3A872197070F}.Debug|Any CPU.Build.0 = Debug|Any CPU
		{52638E6C-568E-DC5F-16B5-3A872197070F}.Release|Any CPU.ActiveCfg = Release|Any CPU
		{52638E6C-568E-DC5F-16B5-3A872197070F}.Release|Any CPU.Build.0 = Release|Any CPU
	EndGlobalSection
	GlobalSection(SolutionProperties) = preSolution
		HideSolutionNode = FALSE
	EndGlobalSection
	GlobalSection(NestedProjects) = preSolution
		{52638E6C-568E-DC5F-16B5-3A872197070F} = {71B0DE26-5444-73C7-255E-7893AADF2994}
	EndGlobalSection
	GlobalSection(ExtensibilityGlobals) = postSolution
		SolutionGuid = {839A7367-D8EE-457F-B1BC-C3394EB9A0E0}
	EndGlobalSection
EndGlobal
